
Microsoft Visual Studio Solution File, Format Version 12.00
# Visual Studio Version 17
VisualStudioVersion = 17.1.32210.238
MinimumVisualStudioVersion = 10.0.40219.1
Project("{9A19103F-16F7-4668-BE54-9A1E7A4F7556}") = "PermuteMMO.ConsoleApp", "PermuteMMO.ConsoleApp\PermuteMMO.ConsoleApp.csproj", "{D35AAC6B-C2BA-4573-8C2F-F3F135E0902F}"
EndProject
Project("{9A19103F-16F7-4668-BE54-9A1E7A4F7556}") = "PermuteMMO.Lib", "PermuteMMO.Lib\PermuteMMO.Lib.csproj", "{91D75103-E981-4FCC-9D3F-F5086641B057}"
EndProject
Project("{9A19103F-16F7-4668-BE54-9A1E7A4F7556}") = "PermuteMMO.Tests", "PermuteMMO.Tests\PermuteMMO.Tests.csproj", "{C72B86A5-539B-41D0-B18E-852BA72E1A66}"
EndProject
Global
	GlobalSection(SolutionConfigurationPlatforms) = preSolution
		Debug|Any CPU = Debug|Any CPU
		Release|Any CPU = Release|Any CPU
	EndGlobalSection
	GlobalSection(ProjectConfigurationPlatforms) = postSolution
		{D35AAC6B-C2BA-4573-8C2F-F3F135E0902F}.Debug|Any CPU.ActiveCfg = Debug|Any CPU
		{D35AAC6B-C2BA-4573-8C2F-F3F135E0902F}.Debug|Any CPU.Build.0 = Debug|Any CPU
		{D35AAC6B-C2BA-4573-8C2F-F3F135E0902F}.Release|Any CPU.ActiveCfg = Release|Any CPU
		{D35AAC6B-C2BA-4573-8C2F-F3F135E0902F}.Release|Any CPU.Build.0 = Release|Any CPU
		{91D75103-E981-4FCC-9D3F-F5086641B057}.Debug|Any CPU.ActiveCfg = Debug|Any CPU
		{91D75103-E981-4FCC-9D3F-F5086641B057}.Debug|Any CPU.Build.0 = Debug|Any CPU
		{91D75103-E981-4FCC-9D3F-F5086641B057}.Release|Any CPU.ActiveCfg = Release|Any CPU
		{91D75103-E981-4FCC-9D3F-F5086641B057}.Release|Any CPU.Build.0 = Release|Any CPU
		{C72B86A5-539B-41D0-B18E-852BA72E1A66}.Debug|Any CPU.ActiveCfg = Debug|Any CPU
		{C72B86A5-539B-41D0-B18E-852BA72E1A66}.Debug|Any CPU.Build.0 = Debug|Any CPU
		{C72B86A5-539B-41D0-B18E-852BA72E1A66}.Release|Any CPU.ActiveCfg = Release|Any CPU
		{C72B86A5-539B-41D0-B18E-852BA72E1A66}.Release|Any CPU.Build.0 = Release|Any CPU
	EndGlobalSection
	GlobalSection(SolutionProperties) = preSolution
		HideSolutionNode = FALSE
	EndGlobalSection
	GlobalSection(ExtensibilityGlobals) = postSolution
		SolutionGuid = {A5BBB609-5402-45D3-A04E-D0F6779D4888}
	EndGlobalSection
EndGlobal
